
Microsoft Visual Studio Solution File, Format Version 12.00
# Visual Studio 15
VisualStudioVersion = 15.0.28010.2016
MinimumVisualStudioVersion = 10.0.40219.1
Project("{FAE04EC0-301F-11D3-BF4B-00C04F79EFBC}") = "StorageDataMovementLibrarySample", "StorageDataMovementLibrarySample\StorageDataMovementLibrarySample.csproj", "{F2F0B755-2748-4E14-8EA3-DF4451C9ABA6}"
EndProject
Global
	GlobalSection(SolutionConfigurationPlatforms) = preSolution
		Debug|Any CPU = Debug|Any CPU
		Release|Any CPU = Release|Any CPU
	EndGlobalSection
	GlobalSection(ProjectConfigurationPlatforms) = postSolution
		{F2F0B755-2748-4E14-8EA3-DF4451C9ABA6}.Debug|Any CPU.ActiveCfg = Debug|Any CPU
		{F2F0B755-2748-4E14-8EA3-DF4451C9ABA6}.Debug|Any CPU.Build.0 = Debug|Any CPU
		{F2F0B755-2748-4E14-8EA3-DF4451C9ABA6}.Release|Any CPU.ActiveCfg = Release|Any CPU
		{F2F0B755-2748-4E14-8EA3-DF4451C9ABA6}.Release|Any CPU.Build.0 = Release|Any CPU
	EndGlobalSection
	GlobalSection(SolutionProperties) = preSolution
		HideSolutionNode = FALSE
	EndGlobalSection
	GlobalSection(ExtensibilityGlobals) = postSolution
		SolutionGuid = {D2459CE3-1D42-4520-AAC1-761A167C3CA7}
	EndGlobalSection
EndGlobal
